
Microsoft Visual Studio Solution File, Format Version 12.00
# Visual Studio Version 17
VisualStudioVersion = 17.3.32811.315
MinimumVisualStudioVersion = 10.0.40219.1
Project("{FAE04EC0-301F-11D3-BF4B-00C04F79EFBC}") = "HttpClients-and-Polly", "HttpClients-and-Polly.csproj", "{B82F3301-2E77-495B-A244-4B6B77FA3E61}"
EndProject
Global
	GlobalSection(SolutionConfigurationPlatforms) = preSolution
		Debug|Any CPU = Debug|Any CPU
		Release|Any CPU = Release|Any CPU
	EndGlobalSection
	GlobalSection(ProjectConfigurationPlatforms) = postSolution
		{B82F3301-2E77-495B-A244-4B6B77FA3E61}.Debug|Any CPU.ActiveCfg = Debug|Any CPU
		{B82F3301-2E77-495B-A244-4B6B77FA3E61}.Debug|Any CPU.Build.0 = Debug|Any CPU
		{B82F3301-2E77-495B-A244-4B6B77FA3E61}.Release|Any CPU.ActiveCfg = Release|Any CPU
		{B82F3301-2E77-495B-A244-4B6B77FA3E61}.Release|Any CPU.Build.0 = Release|Any CPU
	EndGlobalSection
	GlobalSection(SolutionProperties) = preSolution
		HideSolutionNode = FALSE
	EndGlobalSection
	GlobalSection(ExtensibilityGlobals) = postSolution
		SolutionGuid = {A1DA9500-3DFD-4186-9F91-6A206B9A0B81}
	EndGlobalSection
EndGlobal
